
Microsoft Visual Studio Solution File, Format Version 12.00
# Visual Studio Version 17
VisualStudioVersion = 17.14.36414.22 d17.14
MinimumVisualStudioVersion = 10.0.40219.1
Project("{FAE04EC0-301F-11D3-BF4B-00C04F79EFBC}") = "FlappyBird", "FlappyBird\FlappyBird.csproj", "{06FC0B46-75E4-4A22-8C59-7FAA0406E32D}"
EndProject
Global
	GlobalSection(SolutionConfigurationPlatforms) = preSolution
		Debug|Any CPU = Debug|Any CPU
		Release|Any CPU = Release|Any CPU
	EndGlobalSection
	GlobalSection(ProjectConfigurationPlatforms) = postSolution
		{06FC0B46-75E4-4A22-8C59-7FAA0406E32D}.Debug|Any CPU.ActiveCfg = Debug|Any CPU
		{06FC0B46-75E4-4A22-8C59-7FAA0406E32D}.Debug|Any CPU.Build.0 = Debug|Any CPU
		{06FC0B46-75E4-4A22-8C59-7FAA0406E32D}.Release|Any CPU.ActiveCfg = Release|Any CPU
		{06FC0B46-75E4-4A22-8C59-7FAA0406E32D}.Release|Any CPU.Build.0 = Release|Any CPU
	EndGlobalSection
	GlobalSection(SolutionProperties) = preSolution
		HideSolutionNode = FALSE
	EndGlobalSection
	GlobalSection(ExtensibilityGlobals) = postSolution
		SolutionGuid = {E065EA19-6FA8-42AB-9BD8-F5DF0AA64590}
	EndGlobalSection
EndGlobal
